
Microsoft Visual Studio Solution File, Format Version 12.00
# Visual Studio 15
VisualStudioVersion = 15.0.26730.16
MinimumVisualStudioVersion = 10.0.40219.1
Project("{FAE04EC0-301F-11D3-BF4B-00C04F79EFBC}") = "UsePassword", "UsePassword\UsePassword.csproj", "{2FB55D18-32ED-4A45-905F-49D99E445878}"
EndProject
Project("{54435603-DBB4-11D2-8724-00A0C9A8B90C}") = "BimyouMeraki", "BimyouMeraki\BimyouMeraki.vdproj", "{2852BE80-8D34-4956-B179-5D0F43A16D9F}"
EndProject
Global
	GlobalSection(SolutionConfigurationPlatforms) = preSolution
		Debug|Any CPU = Debug|Any CPU
		Release|Any CPU = Release|Any CPU
	EndGlobalSection
	GlobalSection(ProjectConfigurationPlatforms) = postSolution
		{2FB55D18-32ED-4A45-905F-49D99E445878}.Debug|Any CPU.ActiveCfg = Debug|Any CPU
		{2FB55D18-32ED-4A45-905F-49D99E445878}.Debug|Any CPU.Build.0 = Debug|Any CPU
		{2FB55D18-32ED-4A45-905F-49D99E445878}.Release|Any CPU.ActiveCfg = Release|Any CPU
		{2FB55D18-32ED-4A45-905F-49D99E445878}.Release|Any CPU.Build.0 = Release|Any CPU
		{2852BE80-8D34-4956-B179-5D0F43A16D9F}.Debug|Any CPU.ActiveCfg = Debug
		{2852BE80-8D34-4956-B179-5D0F43A16D9F}.Release|Any CPU.ActiveCfg = Release
	EndGlobalSection
	GlobalSection(SolutionProperties) = preSolution
		HideSolutionNode = FALSE
	EndGlobalSection
	GlobalSection(ExtensibilityGlobals) = postSolution
		SolutionGuid = {49FC5E81-F4D9-49F0-95EA-A21EC5792998}
	EndGlobalSection
EndGlobal
